
Microsoft Visual Studio Solution File, Format Version 12.00
# Visual Studio 15
VisualStudioVersion = 15.0.27130.2010
MinimumVisualStudioVersion = 10.0.40219.1
Project("{FAE04EC0-301F-11D3-BF4B-00C04F79EFBC}") = "DotNetGroup", "DotNetGroup\DotNetGroup.csproj", "{D21D19ED-791C-4F20-A74E-1D2401DE7C25}"
EndProject
Project("{FAE04EC0-301F-11D3-BF4B-00C04F79EFBC}") = "DNG.IRepository", "DNG.IRepository\DNG.IRepository.csproj", "{B81D6D62-900F-4139-A130-19EE5F20E766}"
EndProject
Project("{FAE04EC0-301F-11D3-BF4B-00C04F79EFBC}") = "DNG.Entity", "DNG.Entity\DNG.Entity.csproj", "{D769C2C3-7341-4A3D-A426-6EB961AD7D63}"
EndProject
Project("{2150E333-8FDC-42A3-9474-1A3956D46DE8}") = "_Core", "_Core", "{9B43EDFF-FE74-4B8A-895A-FA8FFDEC5D95}"
EndProject
Project("{2150E333-8FDC-42A3-9474-1A3956D46DE8}") = "Repository", "Repository", "{8FC2CA7E-CD11-4EB0-AC74-7F14887F30BB}"
EndProject
Project("{FAE04EC0-301F-11D3-BF4B-00C04F79EFBC}") = "DNG.Repository.EF", "DNG.Repository.EF\DNG.Repository.EF.csproj", "{DB943767-C1AA-4E85-B82D-3B5CE4FDB88B}"
EndProject
Project("{FAE04EC0-301F-11D3-BF4B-00C04F79EFBC}") = "DNG.Repository.Dapper", "DNG.Repository.Dapper\DNG.Repository.Dapper.csproj", "{8F9E82B1-D82C-4B2E-8097-B8035867B478}"
EndProject
Project("{2150E333-8FDC-42A3-9474-1A3956D46DE8}") = "Business", "Business", "{0A49E177-1126-499B-B273-7A2935C31BB3}"
EndProject
Project("{FAE04EC0-301F-11D3-BF4B-00C04F79EFBC}") = "DNG.Business", "DNG.Business\DNG.Business.csproj", "{EE5494A4-BCAA-41F0-9904-3BD206AD125A}"
EndProject
Global
	GlobalSection(SolutionConfigurationPlatforms) = preSolution
		Debug|Any CPU = Debug|Any CPU
		Release|Any CPU = Release|Any CPU
	EndGlobalSection
	GlobalSection(ProjectConfigurationPlatforms) = postSolution
		{D21D19ED-791C-4F20-A74E-1D2401DE7C25}.Debug|Any CPU.ActiveCfg = Debug|Any CPU
		{D21D19ED-791C-4F20-A74E-1D2401DE7C25}.Debug|Any CPU.Build.0 = Debug|Any CPU
		{D21D19ED-791C-4F20-A74E-1D2401DE7C25}.Release|Any CPU.ActiveCfg = Release|Any CPU
		{D21D19ED-791C-4F20-A74E-1D2401DE7C25}.Release|Any CPU.Build.0 = Release|Any CPU
		{B81D6D62-900F-4139-A130-19EE5F20E766}.Debug|Any CPU.ActiveCfg = Debug|Any CPU
		{B81D6D62-900F-4139-A130-19EE5F20E766}.Debug|Any CPU.Build.0 = Debug|Any CPU
		{B81D6D62-900F-4139-A130-19EE5F20E766}.Release|Any CPU.ActiveCfg = Release|Any CPU
		{B81D6D62-900F-4139-A130-19EE5F20E766}.Release|Any CPU.Build.0 = Release|Any CPU
		{D769C2C3-7341-4A3D-A426-6EB961AD7D63}.Debug|Any CPU.ActiveCfg = Debug|Any CPU
		{D769C2C3-7341-4A3D-A426-6EB961AD7D63}.Debug|Any CPU.Build.0 = Debug|Any CPU
		{D769C2C3-7341-4A3D-A426-6EB961AD7D63}.Release|Any CPU.ActiveCfg = Release|Any CPU
		{D769C2C3-7341-4A3D-A426-6EB961AD7D63}.Release|Any CPU.Build.0 = Release|Any CPU
		{DB943767-C1AA-4E85-B82D-3B5CE4FDB88B}.Debug|Any CPU.ActiveCfg = Debug|Any CPU
		{DB943767-C1AA-4E85-B82D-3B5CE4FDB88B}.Debug|Any CPU.Build.0 = Debug|Any CPU
		{DB943767-C1AA-4E85-B82D-3B5CE4FDB88B}.Release|Any CPU.ActiveCfg = Release|Any CPU
		{DB943767-C1AA-4E85-B82D-3B5CE4FDB88B}.Release|Any CPU.Build.0 = Release|Any CPU
		{8F9E82B1-D82C-4B2E-8097-B8035867B478}.Debug|Any CPU.ActiveCfg = Debug|Any CPU
		{8F9E82B1-D82C-4B2E-8097-B8035867B478}.Debug|Any CPU.Build.0 = Debug|Any CPU
		{8F9E82B1-D82C-4B2E-8097-B8035867B478}.Release|Any CPU.ActiveCfg = Release|Any CPU
		{8F9E82B1-D82C-4B2E-8097-B8035867B478}.Release|Any CPU.Build.0 = Release|Any CPU
		{EE5494A4-BCAA-41F0-9904-3BD206AD125A}.Debug|Any CPU.ActiveCfg = Debug|Any CPU
		{EE5494A4-BCAA-41F0-9904-3BD206AD125A}.Debug|Any CPU.Build.0 = Debug|Any CPU
		{EE5494A4-BCAA-41F0-9904-3BD206AD125A}.Release|Any CPU.ActiveCfg = Release|Any CPU
		{EE5494A4-BCAA-41F0-9904-3BD206AD125A}.Release|Any CPU.Build.0 = Release|Any CPU
	EndGlobalSection
	GlobalSection(SolutionProperties) = preSolution
		HideSolutionNode = FALSE
	EndGlobalSection
	GlobalSection(NestedProjects) = preSolution
		{B81D6D62-900F-4139-A130-19EE5F20E766} = {9B43EDFF-FE74-4B8A-895A-FA8FFDEC5D95}
		{D769C2C3-7341-4A3D-A426-6EB961AD7D63} = {9B43EDFF-FE74-4B8A-895A-FA8FFDEC5D95}
		{DB943767-C1AA-4E85-B82D-3B5CE4FDB88B} = {8FC2CA7E-CD11-4EB0-AC74-7F14887F30BB}
		{8F9E82B1-D82C-4B2E-8097-B8035867B478} = {8FC2CA7E-CD11-4EB0-AC74-7F14887F30BB}
		{EE5494A4-BCAA-41F0-9904-3BD206AD125A} = {0A49E177-1126-499B-B273-7A2935C31BB3}
	EndGlobalSection
	GlobalSection(ExtensibilityGlobals) = postSolution
		SolutionGuid = {77C959DC-8B6A-49CB-9DCA-0F8B5431D8A0}
	EndGlobalSection
EndGlobal
